
Microsoft Visual Studio Solution File, Format Version 12.00
# Visual Studio 15
Project("{FAE04EC0-301F-11D3-BF4B-00C04F79EFBC}") = "PepperSocial", "Assembly-CSharp.csproj", "{C143DCB9-3794-A064-B085-4EF4E622AF2E}"
EndProject
Project("{FAE04EC0-301F-11D3-BF4B-00C04F79EFBC}") = "PepperSocial", "Assembly-CSharp-Editor.csproj", "{56435099-9761-DD98-446F-FF7CF72B61B4}"
EndProject
Global
	GlobalSection(SolutionConfigurationPlatforms) = preSolution
		Debug|Any CPU = Debug|Any CPU
		Release|Any CPU = Release|Any CPU
	EndGlobalSection
	GlobalSection(ProjectConfigurationPlatforms) = postSolution
		{C143DCB9-3794-A064-B085-4EF4E622AF2E}.Debug|Any CPU.ActiveCfg = Debug|Any CPU
		{C143DCB9-3794-A064-B085-4EF4E622AF2E}.Debug|Any CPU.Build.0 = Debug|Any CPU
		{C143DCB9-3794-A064-B085-4EF4E622AF2E}.Release|Any CPU.ActiveCfg = Release|Any CPU
		{C143DCB9-3794-A064-B085-4EF4E622AF2E}.Release|Any CPU.Build.0 = Release|Any CPU
		{56435099-9761-DD98-446F-FF7CF72B61B4}.Debug|Any CPU.ActiveCfg = Debug|Any CPU
		{56435099-9761-DD98-446F-FF7CF72B61B4}.Debug|Any CPU.Build.0 = Debug|Any CPU
		{56435099-9761-DD98-446F-FF7CF72B61B4}.Release|Any CPU.ActiveCfg = Release|Any CPU
		{56435099-9761-DD98-446F-FF7CF72B61B4}.Release|Any CPU.Build.0 = Release|Any CPU
	EndGlobalSection
	GlobalSection(SolutionProperties) = preSolution
		HideSolutionNode = FALSE
	EndGlobalSection
EndGlobal
